
Microsoft Visual Studio Solution File, Format Version 12.00
# Visual Studio Version 17
VisualStudioVersion = 17.5.33502.453
MinimumVisualStudioVersion = 10.0.40219.1
Project("{FAE04EC0-301F-11D3-BF4B-00C04F79EFBC}") = "KlausurPrefab", "KlausurPrefab\KlausurPrefab.csproj", "{148A3872-51DF-44C2-B543-80494E1BE421}"
EndProject
Global
	GlobalSection(SolutionConfigurationPlatforms) = preSolution
		Debug|Any CPU = Debug|Any CPU
		Release|Any CPU = Release|Any CPU
	EndGlobalSection
	GlobalSection(ProjectConfigurationPlatforms) = postSolution
		{148A3872-51DF-44C2-B543-80494E1BE421}.Debug|Any CPU.ActiveCfg = Debug|Any CPU
		{148A3872-51DF-44C2-B543-80494E1BE421}.Debug|Any CPU.Build.0 = Debug|Any CPU
		{148A3872-51DF-44C2-B543-80494E1BE421}.Release|Any CPU.ActiveCfg = Release|Any CPU
		{148A3872-51DF-44C2-B543-80494E1BE421}.Release|Any CPU.Build.0 = Release|Any CPU
	EndGlobalSection
	GlobalSection(SolutionProperties) = preSolution
		HideSolutionNode = FALSE
	EndGlobalSection
	GlobalSection(ExtensibilityGlobals) = postSolution
		SolutionGuid = {64B9CB2D-8949-456A-A2C2-7412899A1E69}
	EndGlobalSection
EndGlobal
